<?xml version="1.0" encoding="utf-8"?>
<Project ToolsVersion="4.0" xmlns="http://schemas.microsoft.com/developer/msbuild/2003">
  <ItemGroup>
    <Filter Include="window">
      <UniqueIdentifier>{71f49a1f-bcb9-4f7e-ac1f-e5afe3c33df4}</UniqueIdentifier>
    </Filter>
    <Filter Include="application">
      <UniqueIdentifier>{dc7e6539-7d16-4a60-b7fc-ffa1dd10d3d4}</UniqueIdentifier>
    </Filter>
    <Filter Include="renderer">
      <UniqueIdentifier>{815d86db-0057-4c2b-8c63-837675568c4a}</UniqueIdentifier>
    </Filter>
    <Filter Include="shader">
      <UniqueIdentifier>{52eeb90e-e80a-48d8-b987-a9dfc7a6aecb}</UniqueIdentifier>
    </Filter>
  </ItemGroup>
  <ItemGroup>
    <ClCompile Include="scripts\application\application.cpp">
      <Filter>application</Filter>
    </ClCompile>
    <ClCompile Include="scripts\window\window.cpp">
      <Filter>window</Filter>
    </ClCompile>
    <ClCompile Include="main.cpp" />
    <ClCompile Include="scripts\renderer\renderer.cpp">
      <Filter>renderer</Filter>
    </ClCompile>
    <ClCompile Include="scripts\pch.cpp" />
    <ClCompile Include="scripts\renderer\triangle.cpp">
      <Filter>renderer</Filter>
    </ClCompile>
    <ClCompile Include="scripts\renderer\render_param.cpp">
      <Filter>renderer</Filter>
    </ClCompile>
    <ClCompile Include="scripts\renderer\camera.cpp">
      <Filter>renderer</Filter>
    </ClCompile>
    <ClCompile Include="scripts\renderer\scene_manager.cpp">
      <Filter>renderer</Filter>
    </ClCompile>
  </ItemGroup>
  <ItemGroup>
    <ClInclude Include="scripts\application\application.h">
      <Filter>application</Filter>
    </ClInclude>
    <ClInclude Include="scripts\window\window.h">
      <Filter>window</Filter>
    </ClInclude>
    <ClInclude Include="scripts\renderer\renderer.h">
      <Filter>renderer</Filter>
    </ClInclude>
    <ClInclude Include="scripts\pch.h" />
    <ClInclude Include="scripts\renderer\triangle.h">
      <Filter>renderer</Filter>
    </ClInclude>
    <ClInclude Include="scripts\renderer\vertex.h">
      <Filter>renderer</Filter>
    </ClInclude>
    <ClInclude Include="scripts\renderer\shader.h">
      <Filter>renderer</Filter>
    </ClInclude>
    <ClInclude Include="scripts\renderer\cb_transform.h">
      <Filter>renderer</Filter>
    </ClInclude>
    <ClInclude Include="scripts\renderer\render_param.h">
      <Filter>renderer</Filter>
    </ClInclude>
    <ClInclude Include="scripts\renderer\cb_projection.h">
      <Filter>renderer</Filter>
    </ClInclude>
    <ClInclude Include="scripts\renderer\camera.h">
      <Filter>renderer</Filter>
    </ClInclude>
    <ClInclude Include="scripts\renderer\cb_view.h">
      <Filter>renderer</Filter>
    </ClInclude>
    <ClInclude Include="scripts\renderer\scene_manager.h">
      <Filter>renderer</Filter>
    </ClInclude>
  </ItemGroup>
  <ItemGroup>
    <FxCompile Include="scripts\shader\pixel_shader.hlsl">
      <Filter>shader</Filter>
    </FxCompile>
    <FxCompile Include="scripts\shader\vertex_shader.hlsl">
      <Filter>shader</Filter>
    </FxCompile>
  </ItemGroup>
</Project>